
Microsoft Visual Studio Solution File, Format Version 12.00
# Visual Studio Version 17
VisualStudioVersion = 17.13.35806.99
MinimumVisualStudioVersion = 10.0.40219.1
Project("{FAE04EC0-301F-11D3-BF4B-00C04F79EFBC}") = "Blog-Angular-Dotnet", "Blog-Angular-Dotnet\Blog-Angular-Dotnet.csproj", "{71D6993B-2B11-4767-A9ED-7B205E1C0F1E}"
EndProject
Project("{FAE04EC0-301F-11D3-BF4B-00C04F79EFBC}") = "Blog.Models", "BlogModels\Blog.Models.csproj", "{A932DF11-367E-431F-A1CC-B634112EE933}"
EndProject
Project("{FAE04EC0-301F-11D3-BF4B-00C04F79EFBC}") = "Blog.Repository", "BlogRepository\Blog.Repository.csproj", "{8EA59775-C6DE-4626-89E5-AC33053465BB}"
EndProject
Global
	GlobalSection(SolutionConfigurationPlatforms) = preSolution
		Debug|Any CPU = Debug|Any CPU
		Release|Any CPU = Release|Any CPU
	EndGlobalSection
	GlobalSection(ProjectConfigurationPlatforms) = postSolution
		{71D6993B-2B11-4767-A9ED-7B205E1C0F1E}.Debug|Any CPU.ActiveCfg = Debug|Any CPU
		{71D6993B-2B11-4767-A9ED-7B205E1C0F1E}.Debug|Any CPU.Build.0 = Debug|Any CPU
		{71D6993B-2B11-4767-A9ED-7B205E1C0F1E}.Release|Any CPU.ActiveCfg = Release|Any CPU
		{71D6993B-2B11-4767-A9ED-7B205E1C0F1E}.Release|Any CPU.Build.0 = Release|Any CPU
		{A932DF11-367E-431F-A1CC-B634112EE933}.Debug|Any CPU.ActiveCfg = Debug|Any CPU
		{A932DF11-367E-431F-A1CC-B634112EE933}.Debug|Any CPU.Build.0 = Debug|Any CPU
		{A932DF11-367E-431F-A1CC-B634112EE933}.Release|Any CPU.ActiveCfg = Release|Any CPU
		{A932DF11-367E-431F-A1CC-B634112EE933}.Release|Any CPU.Build.0 = Release|Any CPU
		{8EA59775-C6DE-4626-89E5-AC33053465BB}.Debug|Any CPU.ActiveCfg = Debug|Any CPU
		{8EA59775-C6DE-4626-89E5-AC33053465BB}.Debug|Any CPU.Build.0 = Debug|Any CPU
		{8EA59775-C6DE-4626-89E5-AC33053465BB}.Release|Any CPU.ActiveCfg = Release|Any CPU
		{8EA59775-C6DE-4626-89E5-AC33053465BB}.Release|Any CPU.Build.0 = Release|Any CPU
	EndGlobalSection
	GlobalSection(SolutionProperties) = preSolution
		HideSolutionNode = FALSE
	EndGlobalSection
	GlobalSection(ExtensibilityGlobals) = postSolution
		SolutionGuid = {3596CDC3-E0D4-4B16-8742-6C8EDE4323E7}
	EndGlobalSection
EndGlobal
